
Microsoft Visual Studio Solution File, Format Version 12.00
# Visual Studio Version 16
VisualStudioVersion = 16.0.31402.337
MinimumVisualStudioVersion = 10.0.40219.1
Project("{9A19103F-16F7-4668-BE54-9A1E7A4F7556}") = "lab9", "lab9\lab9.csproj", "{DDEDDFAB-9A06-4638-A163-2E6560304802}"
EndProject
Global
	GlobalSection(SolutionConfigurationPlatforms) = preSolution
		Debug|Any CPU = Debug|Any CPU
		Release|Any CPU = Release|Any CPU
	EndGlobalSection
	GlobalSection(ProjectConfigurationPlatforms) = postSolution
		{DDEDDFAB-9A06-4638-A163-2E6560304802}.Debug|Any CPU.ActiveCfg = Debug|Any CPU
		{DDEDDFAB-9A06-4638-A163-2E6560304802}.Debug|Any CPU.Build.0 = Debug|Any CPU
		{DDEDDFAB-9A06-4638-A163-2E6560304802}.Release|Any CPU.ActiveCfg = Release|Any CPU
		{DDEDDFAB-9A06-4638-A163-2E6560304802}.Release|Any CPU.Build.0 = Release|Any CPU
	EndGlobalSection
	GlobalSection(SolutionProperties) = preSolution
		HideSolutionNode = FALSE
	EndGlobalSection
	GlobalSection(ExtensibilityGlobals) = postSolution
		SolutionGuid = {730392F7-0312-44AF-A3B8-36392249BDEE}
	EndGlobalSection
EndGlobal
